
Microsoft Visual Studio Solution File, Format Version 12.00
# Visual Studio 15
VisualStudioVersion = 15.0.27130.2027
MinimumVisualStudioVersion = 10.0.40219.1
Project("{FAE04EC0-301F-11D3-BF4B-00C04F79EFBC}") = "Hackerrank.Task", "Hackerrank.Task\Hackerrank.Task.csproj", "{91482168-22B6-4FD1-BF23-B25B1B2E989C}"
EndProject
Global
	GlobalSection(SolutionConfigurationPlatforms) = preSolution
		Debug|Any CPU = Debug|Any CPU
		Release|Any CPU = Release|Any CPU
	EndGlobalSection
	GlobalSection(ProjectConfigurationPlatforms) = postSolution
		{91482168-22B6-4FD1-BF23-B25B1B2E989C}.Debug|Any CPU.ActiveCfg = Debug|Any CPU
		{91482168-22B6-4FD1-BF23-B25B1B2E989C}.Debug|Any CPU.Build.0 = Debug|Any CPU
		{91482168-22B6-4FD1-BF23-B25B1B2E989C}.Release|Any CPU.ActiveCfg = Release|Any CPU
		{91482168-22B6-4FD1-BF23-B25B1B2E989C}.Release|Any CPU.Build.0 = Release|Any CPU
	EndGlobalSection
	GlobalSection(SolutionProperties) = preSolution
		HideSolutionNode = FALSE
	EndGlobalSection
	GlobalSection(ExtensibilityGlobals) = postSolution
		SolutionGuid = {12C6E3C1-E76F-41C0-A45B-90EF5D3FDE25}
	EndGlobalSection
EndGlobal
